// !$*UTF8*$!
{
	archiveVersion = 1;
	classes = {
	};
	objectVersion = 52;
	objects = {

/* Begin PBXBuildFile section */
		295EF6F9264393530041C7F1 /* UpdatePreferenceView.swift in Sources */ = {isa = PBXBuildFile; fileRef = 295EF6F8264393530041C7F1 /* UpdatePreferenceView.swift */; };
		295EF6FA264393530041C7F1 /* UpdatePreferenceView.swift in Sources */ = {isa = PBXBuildFile; fileRef = 295EF6F8264393530041C7F1 /* UpdatePreferenceView.swift */; };
		4FC33D0AD83DB0A96DFE7B3F /* Pods_UnderDog_Prototype__iOS_.framework in Frameworks */ = {isa = PBXBuildFile; fileRef = 325FA9FC8A02789697B65E6C /* Pods_UnderDog_Prototype__iOS_.framework */; };
		9259AD6AE1EFF61D67A83DEB /* Pods_UnderDog_Prototype__macOS_.framework in Frameworks */ = {isa = PBXBuildFile; fileRef = DDCB11E5848273D17C69729D /* Pods_UnderDog_Prototype__macOS_.framework */; };
		EB07A46B2619634600A22529 /* UserProfileRepository.swift in Sources */ = {isa = PBXBuildFile; fileRef = EB07A46A2619634600A22529 /* UserProfileRepository.swift */; };
		EB07A46C2619634600A22529 /* UserProfileRepository.swift in Sources */ = {isa = PBXBuildFile; fileRef = EB07A46A2619634600A22529 /* UserProfileRepository.swift */; };
		EB090284262A7D5D00E7D7DA /* profileItem.swift in Sources */ = {isa = PBXBuildFile; fileRef = EB090283262A7D5D00E7D7DA /* profileItem.swift */; };
		EB090285262A7D5D00E7D7DA /* profileItem.swift in Sources */ = {isa = PBXBuildFile; fileRef = EB090283262A7D5D00E7D7DA /* profileItem.swift */; };
		EB09028B262A7F4600E7D7DA /* BettingView.swift in Sources */ = {isa = PBXBuildFile; fileRef = EB09028A262A7F4600E7D7DA /* BettingView.swift */; };
		EB09028C262A7F4600E7D7DA /* BettingView.swift in Sources */ = {isa = PBXBuildFile; fileRef = EB09028A262A7F4600E7D7DA /* BettingView.swift */; };
		EB090292262F88BA00E7D7DA /* BottomSheetView.swift in Sources */ = {isa = PBXBuildFile; fileRef = EB090291262F88BA00E7D7DA /* BottomSheetView.swift */; };
		EB090293262F88BA00E7D7DA /* BottomSheetView.swift in Sources */ = {isa = PBXBuildFile; fileRef = EB090291262F88BA00E7D7DA /* BottomSheetView.swift */; };
		EB47B8F2261559E00080725C /* odds.swift in Sources */ = {isa = PBXBuildFile; fileRef = EB47B8F1261559E00080725C /* odds.swift */; };
		EB47B8F3261559E00080725C /* odds.swift in Sources */ = {isa = PBXBuildFile; fileRef = EB47B8F1261559E00080725C /* odds.swift */; };
		EB822D3325EB1A5700018FB2 /* Tests_iOS.swift in Sources */ = {isa = PBXBuildFile; fileRef = EB822D3225EB1A5700018FB2 /* Tests_iOS.swift */; };
		EB822D3E25EB1A5700018FB2 /* Tests_macOS.swift in Sources */ = {isa = PBXBuildFile; fileRef = EB822D3D25EB1A5700018FB2 /* Tests_macOS.swift */; };
		EB822D4025EB1A5700018FB2 /* UnderDog_PrototypeApp.swift in Sources */ = {isa = PBXBuildFile; fileRef = EB822D1725EB1A5600018FB2 /* UnderDog_PrototypeApp.swift */; };
		EB822D4125EB1A5700018FB2 /* UnderDog_PrototypeApp.swift in Sources */ = {isa = PBXBuildFile; fileRef = EB822D1725EB1A5600018FB2 /* UnderDog_PrototypeApp.swift */; };
		EB822D4225EB1A5700018FB2 /* ContentView.swift in Sources */ = {isa = PBXBuildFile; fileRef = EB822D1825EB1A5600018FB2 /* ContentView.swift */; };
		EB822D4325EB1A5700018FB2 /* ContentView.swift in Sources */ = {isa = PBXBuildFile; fileRef = EB822D1825EB1A5600018FB2 /* ContentView.swift */; };
		EB822D4425EB1A5700018FB2 /* Assets.xcassets in Resources */ = {isa = PBXBuildFile; fileRef = EB822D1925EB1A5700018FB2 /* Assets.xcassets */; };
		EB822D4525EB1A5700018FB2 /* Assets.xcassets in Resources */ = {isa = PBXBuildFile; fileRef = EB822D1925EB1A5700018FB2 /* Assets.xcassets */; };
		EB822D9C25F6FD6D00018FB2 /* LaunchScreen.storyboard in Resources */ = {isa = PBXBuildFile; fileRef = EB822D9B25F6FD6D00018FB2 /* LaunchScreen.storyboard */; };
		EB822D9D25F6FD6D00018FB2 /* LaunchScreen.storyboard in Resources */ = {isa = PBXBuildFile; fileRef = EB822D9B25F6FD6D00018FB2 /* LaunchScreen.storyboard */; };
		EB822DAE25F9C54A00018FB2 /* GoogleService-Info.plist in Resources */ = {isa = PBXBuildFile; fileRef = EB822DAD25F9C54A00018FB2 /* GoogleService-Info.plist */; };
		EB822DAF25F9C54A00018FB2 /* GoogleService-Info.plist in Resources */ = {isa = PBXBuildFile; fileRef = EB822DAD25F9C54A00018FB2 /* GoogleService-Info.plist */; };
		EB9B0CE9266056DC0093E620 /* SearchEventsView.swift in Sources */ = {isa = PBXBuildFile; fileRef = EB9B0CE8266056DC0093E620 /* SearchEventsView.swift */; };
		EB9B0CEA266056DC0093E620 /* SearchEventsView.swift in Sources */ = {isa = PBXBuildFile; fileRef = EB9B0CE8266056DC0093E620 /* SearchEventsView.swift */; };
		EBA59B5E265C5F950038026C /* PopularEvent.swift in Sources */ = {isa = PBXBuildFile; fileRef = EBA59B5D265C5F950038026C /* PopularEvent.swift */; };
		EBA59B5F265C5F950038026C /* PopularEvent.swift in Sources */ = {isa = PBXBuildFile; fileRef = EBA59B5D265C5F950038026C /* PopularEvent.swift */; };
		EBBBA82B264E235A0017A450 /* ConfirmOrder.swift in Sources */ = {isa = PBXBuildFile; fileRef = EBBBA82A264E235A0017A450 /* ConfirmOrder.swift */; };
		EBBBA82C264E235A0017A450 /* ConfirmOrder.swift in Sources */ = {isa = PBXBuildFile; fileRef = EBBBA82A264E235A0017A450 /* ConfirmOrder.swift */; };
		EBC2941A264E55AA00454268 /* OnGoing.swift in Sources */ = {isa = PBXBuildFile; fileRef = EBC29419264E55AA00454268 /* OnGoing.swift */; };
		EBC2941B264E55AA00454268 /* OnGoing.swift in Sources */ = {isa = PBXBuildFile; fileRef = EBC29419264E55AA00454268 /* OnGoing.swift */; };
		EBC29429265312D300454268 /* ArchiveView.swift in Sources */ = {isa = PBXBuildFile; fileRef = EBC29428265312D300454268 /* ArchiveView.swift */; };
		EBC2942A265312D300454268 /* ArchiveView.swift in Sources */ = {isa = PBXBuildFile; fileRef = EBC29428265312D300454268 /* ArchiveView.swift */; };
		EBC2943826531A6000454268 /* OrderDetails.swift in Sources */ = {isa = PBXBuildFile; fileRef = EBC2943726531A6000454268 /* OrderDetails.swift */; };
		EBC2943926531A6000454268 /* OrderDetails.swift in Sources */ = {isa = PBXBuildFile; fileRef = EBC2943726531A6000454268 /* OrderDetails.swift */; };
		EBD50A8326015498005B740E /* iLineChart in Frameworks */ = {isa = PBXBuildFile; productRef = EBD50A8226015498005B740E /* iLineChart */; };
		EBD50ACA26082EF8005B740E /* OddsApi.swift in Sources */ = {isa = PBXBuildFile; fileRef = EBD50AC926082EF8005B740E /* OddsApi.swift */; };
		EBD50ACB26082EF8005B740E /* OddsApi.swift in Sources */ = {isa = PBXBuildFile; fileRef = EBD50AC926082EF8005B740E /* OddsApi.swift */; };
		EBD50AD1260831AD005B740E /* UpComing.swift in Sources */ = {isa = PBXBuildFile; fileRef = EBD50AD0260831AD005B740E /* UpComing.swift */; };
		EBD50AD2260831AD005B740E /* UpComing.swift in Sources */ = {isa = PBXBuildFile; fileRef = EBD50AD0260831AD005B740E /* UpComing.swift */; };
		EBD50AD926083CD8005B740E /* Initial.swift in Sources */ = {isa = PBXBuildFile; fileRef = EBD50AD826083CD8005B740E /* Initial.swift */; };
		EBD50ADA26083CD8005B740E /* Initial.swift in Sources */ = {isa = PBXBuildFile; fileRef = EBD50AD826083CD8005B740E /* Initial.swift */; };
		EBE6DB3025FAED09007C2291 /* AppDelegate.swift in Sources */ = {isa = PBXBuildFile; fileRef = EBE6DB2F25FAED09007C2291 /* AppDelegate.swift */; };
		EBE6DB3125FAED09007C2291 /* AppDelegate.swift in Sources */ = {isa = PBXBuildFile; fileRef = EBE6DB2F25FAED09007C2291 /* AppDelegate.swift */; };
		EBE6DB3725FAEE90007C2291 /* SessionStore.swift in Sources */ = {isa = PBXBuildFile; fileRef = EBE6DB3625FAEE90007C2291 /* SessionStore.swift */; };
		EBE6DB3825FAEE90007C2291 /* SessionStore.swift in Sources */ = {isa = PBXBuildFile; fileRef = EBE6DB3625FAEE90007C2291 /* SessionStore.swift */; };
		EBE6DB3E25FAF1D2007C2291 /* SceneDelegate.swift in Sources */ = {isa = PBXBuildFile; fileRef = EBE6DB3D25FAF1D2007C2291 /* SceneDelegate.swift */; };
		EBE6DB3F25FAF1D2007C2291 /* SceneDelegate.swift in Sources */ = {isa = PBXBuildFile; fileRef = EBE6DB3D25FAF1D2007C2291 /* SceneDelegate.swift */; };
		EBE6DB4525FAF3E1007C2291 /* AuthView.swift in Sources */ = {isa = PBXBuildFile; fileRef = EBE6DB4425FAF3E1007C2291 /* AuthView.swift */; };
		EBE6DB4625FAF3E1007C2291 /* AuthView.swift in Sources */ = {isa = PBXBuildFile; fileRef = EBE6DB4425FAF3E1007C2291 /* AuthView.swift */; };
/* End PBXBuildFile section */

/* Begin PBXContainerItemProxy section */
		EB822D2F25EB1A5700018FB2 /* PBXContainerItemProxy */ = {
			isa = PBXContainerItemProxy;
			containerPortal = EB822D1225EB1A5600018FB2 /* Project object */;
			proxyType = 1;
			remoteGlobalIDString = EB822D1D25EB1A5700018FB2;
			remoteInfo = "UnderDog Prototype (iOS)";
		};
		EB822D3A25EB1A5700018FB2 /* PBXContainerItemProxy */ = {
			isa = PBXContainerItemProxy;
			containerPortal = EB822D1225EB1A5600018FB2 /* Project object */;
			proxyType = 1;
			remoteGlobalIDString = EB822D2525EB1A5700018FB2;
			remoteInfo = "UnderDog Prototype (macOS)";
		};
/* End PBXContainerItemProxy section */

/* Begin PBXFileReference section */
		024A7A62F5BDA31F585EE0B5 /* Pods-UnderDog Prototype (macOS).debug.xcconfig */ = {isa = PBXFileReference; includeInIndex = 1; lastKnownFileType = text.xcconfig; name = "Pods-UnderDog Prototype (macOS).debug.xcconfig"; path = "Target Support Files/Pods-UnderDog Prototype (macOS)/Pods-UnderDog Prototype (macOS).debug.xcconfig"; sourceTree = "<group>"; };
		295EF6F8264393530041C7F1 /* UpdatePreferenceView.swift */ = {isa = PBXFileReference; lastKnownFileType = sourcecode.swift; path = UpdatePreferenceView.swift; sourceTree = "<group>"; };
		325FA9FC8A02789697B65E6C /* Pods_UnderDog_Prototype__iOS_.framework */ = {isa = PBXFileReference; explicitFileType = wrapper.framework; includeInIndex = 0; path = Pods_UnderDog_Prototype__iOS_.framework; sourceTree = BUILT_PRODUCTS_DIR; };
		6302DD1A453DFE528FA37AEE /* Pods-UnderDog Prototype (iOS).release.xcconfig */ = {isa = PBXFileReference; includeInIndex = 1; lastKnownFileType = text.xcconfig; name = "Pods-UnderDog Prototype (iOS).release.xcconfig"; path = "Target Support Files/Pods-UnderDog Prototype (iOS)/Pods-UnderDog Prototype (iOS).release.xcconfig"; sourceTree = "<group>"; };
		9FC14F6F076D2ABB664FB14E /* Pods-UnderDog Prototype (macOS).release.xcconfig */ = {isa = PBXFileReference; includeInIndex = 1; lastKnownFileType = text.xcconfig; name = "Pods-UnderDog Prototype (macOS).release.xcconfig"; path = "Target Support Files/Pods-UnderDog Prototype (macOS)/Pods-UnderDog Prototype (macOS).release.xcconfig"; sourceTree = "<group>"; };
		C04B5221392C88FCF35A089E /* Pods-UnderDog Prototype (iOS).debug.xcconfig */ = {isa = PBXFileReference; includeInIndex = 1; lastKnownFileType = text.xcconfig; name = "Pods-UnderDog Prototype (iOS).debug.xcconfig"; path = "Target Support Files/Pods-UnderDog Prototype (iOS)/Pods-UnderDog Prototype (iOS).debug.xcconfig"; sourceTree = "<group>"; };
		DDCB11E5848273D17C69729D /* Pods_UnderDog_Prototype__macOS_.framework */ = {isa = PBXFileReference; explicitFileType = wrapper.framework; includeInIndex = 0; path = Pods_UnderDog_Prototype__macOS_.framework; sourceTree = BUILT_PRODUCTS_DIR; };
		EB07A46A2619634600A22529 /* UserProfileRepository.swift */ = {isa = PBXFileReference; lastKnownFileType = sourcecode.swift; path = UserProfileRepository.swift; sourceTree = "<group>"; };
		EB090283262A7D5D00E7D7DA /* profileItem.swift */ = {isa = PBXFileReference; lastKnownFileType = sourcecode.swift; path = profileItem.swift; sourceTree = "<group>"; };
		EB09028A262A7F4600E7D7DA /* BettingView.swift */ = {isa = PBXFileReference; lastKnownFileType = sourcecode.swift; path = BettingView.swift; sourceTree = "<group>"; };
		EB090291262F88BA00E7D7DA /* BottomSheetView.swift */ = {isa = PBXFileReference; lastKnownFileType = sourcecode.swift; path = BottomSheetView.swift; sourceTree = "<group>"; };
		EB216E78263903F0005F8832 /* iOSDropDown.framework */ = {isa = PBXFileReference; explicitFileType = wrapper.framework; path = iOSDropDown.framework; sourceTree = BUILT_PRODUCTS_DIR; };
		EB47B8F1261559E00080725C /* odds.swift */ = {isa = PBXFileReference; lastKnownFileType = sourcecode.swift; path = odds.swift; sourceTree = "<group>"; };
		EB822D1725EB1A5600018FB2 /* UnderDog_PrototypeApp.swift */ = {isa = PBXFileReference; lastKnownFileType = sourcecode.swift; path = UnderDog_PrototypeApp.swift; sourceTree = "<group>"; };
		EB822D1825EB1A5600018FB2 /* ContentView.swift */ = {isa = PBXFileReference; lastKnownFileType = sourcecode.swift; path = ContentView.swift; sourceTree = "<group>"; };
		EB822D1925EB1A5700018FB2 /* Assets.xcassets */ = {isa = PBXFileReference; lastKnownFileType = folder.assetcatalog; path = Assets.xcassets; sourceTree = "<group>"; };
		EB822D1E25EB1A5700018FB2 /* UnderDog Prototype.app */ = {isa = PBXFileReference; explicitFileType = wrapper.application; includeInIndex = 0; path = "UnderDog Prototype.app"; sourceTree = BUILT_PRODUCTS_DIR; };
		EB822D2125EB1A5700018FB2 /* Info.plist */ = {isa = PBXFileReference; lastKnownFileType = text.plist.xml; path = Info.plist; sourceTree = "<group>"; };
		EB822D2625EB1A5700018FB2 /* UnderDog Prototype.app */ = {isa = PBXFileReference; explicitFileType = wrapper.application; includeInIndex = 0; path = "UnderDog Prototype.app"; sourceTree = BUILT_PRODUCTS_DIR; };
		EB822D2825EB1A5700018FB2 /* Info.plist */ = {isa = PBXFileReference; lastKnownFileType = text.plist.xml; path = Info.plist; sourceTree = "<group>"; };
		EB822D2925EB1A5700018FB2 /* macOS.entitlements */ = {isa = PBXFileReference; lastKnownFileType = text.plist.entitlements; path = macOS.entitlements; sourceTree = "<group>"; };
		EB822D2E25EB1A5700018FB2 /* Tests iOS.xctest */ = {isa = PBXFileReference; explicitFileType = wrapper.cfbundle; includeInIndex = 0; path = "Tests iOS.xctest"; sourceTree = BUILT_PRODUCTS_DIR; };
		EB822D3225EB1A5700018FB2 /* Tests_iOS.swift */ = {isa = PBXFileReference; lastKnownFileType = sourcecode.swift; path = Tests_iOS.swift; sourceTree = "<group>"; };
		EB822D3425EB1A5700018FB2 /* Info.plist */ = {isa = PBXFileReference; lastKnownFileType = text.plist.xml; path = Info.plist; sourceTree = "<group>"; };
		EB822D3925EB1A5700018FB2 /* Tests macOS.xctest */ = {isa = PBXFileReference; explicitFileType = wrapper.cfbundle; includeInIndex = 0; path = "Tests macOS.xctest"; sourceTree = BUILT_PRODUCTS_DIR; };
		EB822D3D25EB1A5700018FB2 /* Tests_macOS.swift */ = {isa = PBXFileReference; lastKnownFileType = sourcecode.swift; path = Tests_macOS.swift; sourceTree = "<group>"; };
		EB822D3F25EB1A5700018FB2 /* Info.plist */ = {isa = PBXFileReference; lastKnownFileType = text.plist.xml; path = Info.plist; sourceTree = "<group>"; };
		EB822D5825EB1B8B00018FB2 /* UnderDog Prototype.entitlements */ = {isa = PBXFileReference; lastKnownFileType = text.plist.entitlements; path = "UnderDog Prototype.entitlements"; sourceTree = "<group>"; };
		EB822D9B25F6FD6D00018FB2 /* LaunchScreen.storyboard */ = {isa = PBXFileReference; lastKnownFileType = file.storyboard; path = LaunchScreen.storyboard; sourceTree = "<group>"; };
		EB822DAD25F9C54A00018FB2 /* GoogleService-Info.plist */ = {isa = PBXFileReference; fileEncoding = 4; lastKnownFileType = text.plist.xml; path = "GoogleService-Info.plist"; sourceTree = "<group>"; };
		EB9B0CE8266056DC0093E620 /* SearchEventsView.swift */ = {isa = PBXFileReference; lastKnownFileType = sourcecode.swift; path = SearchEventsView.swift; sourceTree = "<group>"; };
		EBA3761B2636B28A0020AEE5 /* iLineChart */ = {isa = PBXFileReference; lastKnownFileType = folder; name = iLineChart; path = ../iLineChart; sourceTree = "<group>"; };
		EBA59B5D265C5F950038026C /* PopularEvent.swift */ = {isa = PBXFileReference; lastKnownFileType = sourcecode.swift; path = PopularEvent.swift; sourceTree = "<group>"; };
		EBBBA82A264E235A0017A450 /* ConfirmOrder.swift */ = {isa = PBXFileReference; lastKnownFileType = sourcecode.swift; path = ConfirmOrder.swift; sourceTree = "<group>"; };
		EBC29419264E55AA00454268 /* OnGoing.swift */ = {isa = PBXFileReference; lastKnownFileType = sourcecode.swift; path = OnGoing.swift; sourceTree = "<group>"; };
		EBC29428265312D300454268 /* ArchiveView.swift */ = {isa = PBXFileReference; lastKnownFileType = sourcecode.swift; path = ArchiveView.swift; sourceTree = "<group>"; };
		EBC2943726531A6000454268 /* OrderDetails.swift */ = {isa = PBXFileReference; lastKnownFileType = sourcecode.swift; path = OrderDetails.swift; sourceTree = "<group>"; };
		EBD50AC926082EF8005B740E /* OddsApi.swift */ = {isa = PBXFileReference; lastKnownFileType = sourcecode.swift; path = OddsApi.swift; sourceTree = "<group>"; };
		EBD50AD0260831AD005B740E /* UpComing.swift */ = {isa = PBXFileReference; lastKnownFileType = sourcecode.swift; path = UpComing.swift; sourceTree = "<group>"; };
		EBD50AD826083CD8005B740E /* Initial.swift */ = {isa = PBXFileReference; lastKnownFileType = sourcecode.swift; path = Initial.swift; sourceTree = "<group>"; };
		EBE6DB2F25FAED09007C2291 /* AppDelegate.swift */ = {isa = PBXFileReference; lastKnownFileType = sourcecode.swift; path = AppDelegate.swift; sourceTree = "<group>"; };
		EBE6DB3625FAEE90007C2291 /* SessionStore.swift */ = {isa = PBXFileReference; lastKnownFileType = sourcecode.swift; path = SessionStore.swift; sourceTree = "<group>"; };
		EBE6DB3D25FAF1D2007C2291 /* SceneDelegate.swift */ = {isa = PBXFileReference; lastKnownFileType = sourcecode.swift; path = SceneDelegate.swift; sourceTree = "<group>"; };
		EBE6DB4425FAF3E1007C2291 /* AuthView.swift */ = {isa = PBXFileReference; lastKnownFileType = sourcecode.swift; path = AuthView.swift; sourceTree = "<group>"; };
/* End PBXFileReference section */

/* Begin PBXFrameworksBuildPhase section */
		EB822D1B25EB1A5700018FB2 /* Frameworks */ = {
			isa = PBXFrameworksBuildPhase;
			buildActionMask = 2147483647;
			files = (
				EBD50A8326015498005B740E /* iLineChart in Frameworks */,
				4FC33D0AD83DB0A96DFE7B3F /* Pods_UnderDog_Prototype__iOS_.framework in Frameworks */,
			);
			runOnlyForDeploymentPostprocessing = 0;
		};
		EB822D2325EB1A5700018FB2 /* Frameworks */ = {
			isa = PBXFrameworksBuildPhase;
			buildActionMask = 2147483647;
			files = (
				9259AD6AE1EFF61D67A83DEB /* Pods_UnderDog_Prototype__macOS_.framework in Frameworks */,
			);
			runOnlyForDeploymentPostprocessing = 0;
		};
		EB822D2B25EB1A5700018FB2 /* Frameworks */ = {
			isa = PBXFrameworksBuildPhase;
			buildActionMask = 2147483647;
			files = (
			);
			runOnlyForDeploymentPostprocessing = 0;
		};
		EB822D3625EB1A5700018FB2 /* Frameworks */ = {
			isa = PBXFrameworksBuildPhase;
			buildActionMask = 2147483647;
			files = (
			);
			runOnlyForDeploymentPostprocessing = 0;
		};
/* End PBXFrameworksBuildPhase section */

/* Begin PBXGroup section */
		5081E37B0B1F86CE7143EE93 /* Frameworks */ = {
			isa = PBXGroup;
			children = (
				EB216E78263903F0005F8832 /* iOSDropDown.framework */,
				325FA9FC8A02789697B65E6C /* Pods_UnderDog_Prototype__iOS_.framework */,
				DDCB11E5848273D17C69729D /* Pods_UnderDog_Prototype__macOS_.framework */,
			);
			name = Frameworks;
			sourceTree = "<group>";
		};
		DA31D357003A6948F872A2D3 /* Pods */ = {
			isa = PBXGroup;
			children = (
				C04B5221392C88FCF35A089E /* Pods-UnderDog Prototype (iOS).debug.xcconfig */,
				6302DD1A453DFE528FA37AEE /* Pods-UnderDog Prototype (iOS).release.xcconfig */,
				024A7A62F5BDA31F585EE0B5 /* Pods-UnderDog Prototype (macOS).debug.xcconfig */,
				9FC14F6F076D2ABB664FB14E /* Pods-UnderDog Prototype (macOS).release.xcconfig */,
			);
			path = Pods;
			sourceTree = "<group>";
		};
		EB09027A2628F0BB00E7D7DA /* Games */ = {
			isa = PBXGroup;
			children = (
				EBD50AD0260831AD005B740E /* UpComing.swift */,
				EBC29419264E55AA00454268 /* OnGoing.swift */,
				EBBBA82A264E235A0017A450 /* ConfirmOrder.swift */,
				EB090291262F88BA00E7D7DA /* BottomSheetView.swift */,
				EBC2943726531A6000454268 /* OrderDetails.swift */,
			);
			path = Games;
			sourceTree = "<group>";
		};
		EB822D1125EB1A5600018FB2 = {
			isa = PBXGroup;
			children = (
				EBA3761B2636B28A0020AEE5 /* iLineChart */,
				EB822D5825EB1B8B00018FB2 /* UnderDog Prototype.entitlements */,
				EB822D1625EB1A5600018FB2 /* Shared */,
				EB822D2025EB1A5700018FB2 /* iOS */,
				EB822D2725EB1A5700018FB2 /* macOS */,
				EB822D3125EB1A5700018FB2 /* Tests iOS */,
				EB822D3C25EB1A5700018FB2 /* Tests macOS */,
				EB822D1F25EB1A5700018FB2 /* Products */,
				DA31D357003A6948F872A2D3 /* Pods */,
				5081E37B0B1F86CE7143EE93 /* Frameworks */,
			);
			sourceTree = "<group>";
		};
		EB822D1625EB1A5600018FB2 /* Shared */ = {
			isa = PBXGroup;
			children = (
				EB09027A2628F0BB00E7D7DA /* Games */,
				EBD50AD726083CB3005B740E /* Model */,
				EB822D1725EB1A5600018FB2 /* UnderDog_PrototypeApp.swift */,
				EB822D1825EB1A5600018FB2 /* ContentView.swift */,
				EB822D1925EB1A5700018FB2 /* Assets.xcassets */,
				EB822D9B25F6FD6D00018FB2 /* LaunchScreen.storyboard */,
				EB822DAD25F9C54A00018FB2 /* GoogleService-Info.plist */,
				EBE6DB2F25FAED09007C2291 /* AppDelegate.swift */,
				EBE6DB3625FAEE90007C2291 /* SessionStore.swift */,
				EBE6DB3D25FAF1D2007C2291 /* SceneDelegate.swift */,
				EBE6DB4425FAF3E1007C2291 /* AuthView.swift */,
				295EF6F8264393530041C7F1 /* UpdatePreferenceView.swift */,
				EB07A46A2619634600A22529 /* UserProfileRepository.swift */,
				EB090283262A7D5D00E7D7DA /* profileItem.swift */,
				EB09028A262A7F4600E7D7DA /* BettingView.swift */,
				EBC29428265312D300454268 /* ArchiveView.swift */,
				EBA59B5D265C5F950038026C /* PopularEvent.swift */,
				EB9B0CE8266056DC0093E620 /* SearchEventsView.swift */,
			);
			path = Shared;
			sourceTree = "<group>";
		};
		EB822D1F25EB1A5700018FB2 /* Products */ = {
			isa = PBXGroup;
			children = (
				EB822D1E25EB1A5700018FB2 /* UnderDog Prototype.app */,
				EB822D2625EB1A5700018FB2 /* UnderDog Prototype.app */,
				EB822D2E25EB1A5700018FB2 /* Tests iOS.xctest */,
				EB822D3925EB1A5700018FB2 /* Tests macOS.xctest */,
			);
			name = Products;
			sourceTree = "<group>";
		};
		EB822D2025EB1A5700018FB2 /* iOS */ = {
			isa = PBXGroup;
			children = (
				EB822D2125EB1A5700018FB2 /* Info.plist */,
			);
			path = iOS;
			sourceTree = "<group>";
		};
		EB822D2725EB1A5700018FB2 /* macOS */ = {
			isa = PBXGroup;
			children = (
				EB822D2825EB1A5700018FB2 /* Info.plist */,
				EB822D2925EB1A5700018FB2 /* macOS.entitlements */,
			);
			path = macOS;
			sourceTree = "<group>";
		};
		EB822D3125EB1A5700018FB2 /* Tests iOS */ = {
			isa = PBXGroup;
			children = (
				EB822D3225EB1A5700018FB2 /* Tests_iOS.swift */,
				EB822D3425EB1A5700018FB2 /* Info.plist */,
			);
			path = "Tests iOS";
			sourceTree = "<group>";
		};
		EB822D3C25EB1A5700018FB2 /* Tests macOS */ = {
			isa = PBXGroup;
			children = (
				EB822D3D25EB1A5700018FB2 /* Tests_macOS.swift */,
				EB822D3F25EB1A5700018FB2 /* Info.plist */,
			);
			path = "Tests macOS";
			sourceTree = "<group>";
		};
		EBD50AD726083CB3005B740E /* Model */ = {
			isa = PBXGroup;
			children = (
				EBD50AC926082EF8005B740E /* OddsApi.swift */,
				EBD50AD826083CD8005B740E /* Initial.swift */,
				EB47B8F1261559E00080725C /* odds.swift */,
			);
			path = Model;
			sourceTree = "<group>";
		};
/* End PBXGroup section */

/* Begin PBXNativeTarget section */
		EB822D1D25EB1A5700018FB2 /* UnderDog Prototype (iOS) */ = {
			isa = PBXNativeTarget;
			buildConfigurationList = EB822D4825EB1A5700018FB2 /* Build configuration list for PBXNativeTarget "UnderDog Prototype (iOS)" */;
			buildPhases = (
				2F3A20F1F566DDED75D5783E /* [CP] Check Pods Manifest.lock */,
				EB822D1A25EB1A5700018FB2 /* Sources */,
				EB822D1B25EB1A5700018FB2 /* Frameworks */,
				EB822D1C25EB1A5700018FB2 /* Resources */,
				7FDE34737EBF4CDE1E8F2E78 /* [CP] Embed Pods Frameworks */,
			);
			buildRules = (
			);
			dependencies = (
			);
			name = "UnderDog Prototype (iOS)";
			packageProductDependencies = (
				EBD50A8226015498005B740E /* iLineChart */,
			);
			productName = "UnderDog Prototype (iOS)";
			productReference = EB822D1E25EB1A5700018FB2 /* UnderDog Prototype.app */;
			productType = "com.apple.product-type.application";
		};
		EB822D2525EB1A5700018FB2 /* UnderDog Prototype (macOS) */ = {
			isa = PBXNativeTarget;
			buildConfigurationList = EB822D4B25EB1A5700018FB2 /* Build configuration list for PBXNativeTarget "UnderDog Prototype (macOS)" */;
			buildPhases = (
				D7FAFC17463F2A56A45E592B /* [CP] Check Pods Manifest.lock */,
				EB822D2225EB1A5700018FB2 /* Sources */,
				EB822D2325EB1A5700018FB2 /* Frameworks */,
				EB822D2425EB1A5700018FB2 /* Resources */,
			);
			buildRules = (
			);
			dependencies = (
			);
			name = "UnderDog Prototype (macOS)";
			productName = "UnderDog Prototype (macOS)";
			productReference = EB822D2625EB1A5700018FB2 /* UnderDog Prototype.app */;
			productType = "com.apple.product-type.application";
		};
		EB822D2D25EB1A5700018FB2 /* Tests iOS */ = {
			isa = PBXNativeTarget;
			buildConfigurationList = EB822D4E25EB1A5700018FB2 /* Build configuration list for PBXNativeTarget "Tests iOS" */;
			buildPhases = (
				EB822D2A25EB1A5700018FB2 /* Sources */,
				EB822D2B25EB1A5700018FB2 /* Frameworks */,
				EB822D2C25EB1A5700018FB2 /* Resources */,
			);
			buildRules = (
			);
			dependencies = (
				EB822D3025EB1A5700018FB2 /* PBXTargetDependency */,
			);
			name = "Tests iOS";
			productName = "Tests iOS";
			productReference = EB822D2E25EB1A5700018FB2 /* Tests iOS.xctest */;
			productType = "com.apple.product-type.bundle.ui-testing";
		};
		EB822D3825EB1A5700018FB2 /* Tests macOS */ = {
			isa = PBXNativeTarget;
			buildConfigurationList = EB822D5125EB1A5700018FB2 /* Build configuration list for PBXNativeTarget "Tests macOS" */;
			buildPhases = (
				EB822D3525EB1A5700018FB2 /* Sources */,
				EB822D3625EB1A5700018FB2 /* Frameworks */,
				EB822D3725EB1A5700018FB2 /* Resources */,
			);
			buildRules = (
			);
			dependencies = (
				EB822D3B25EB1A5700018FB2 /* PBXTargetDependency */,
			);
			name = "Tests macOS";
			productName = "Tests macOS";
			productReference = EB822D3925EB1A5700018FB2 /* Tests macOS.xctest */;
			productType = "com.apple.product-type.bundle.ui-testing";
		};
/* End PBXNativeTarget section */

/* Begin PBXProject section */
		EB822D1225EB1A5600018FB2 /* Project object */ = {
			isa = PBXProject;
			attributes = {
				LastSwiftUpdateCheck = 1240;
				LastUpgradeCheck = 1240;
				TargetAttributes = {
					EB822D1D25EB1A5700018FB2 = {
						CreatedOnToolsVersion = 12.4;
					};
					EB822D2525EB1A5700018FB2 = {
						CreatedOnToolsVersion = 12.4;
					};
					EB822D2D25EB1A5700018FB2 = {
						CreatedOnToolsVersion = 12.4;
						TestTargetID = EB822D1D25EB1A5700018FB2;
					};
					EB822D3825EB1A5700018FB2 = {
						CreatedOnToolsVersion = 12.4;
						TestTargetID = EB822D2525EB1A5700018FB2;
					};
				};
			};
			buildConfigurationList = EB822D1525EB1A5600018FB2 /* Build configuration list for PBXProject "UnderDog Prototype" */;
			compatibilityVersion = "Xcode 9.3";
			developmentRegion = en;
			hasScannedForEncodings = 0;
			knownRegions = (
				en,
				Base,
			);
			mainGroup = EB822D1125EB1A5600018FB2;
			packageReferences = (
				EBD50A8126015498005B740E /* XCRemoteSwiftPackageReference "iLineChart" */,
			);
			productRefGroup = EB822D1F25EB1A5700018FB2 /* Products */;
			projectDirPath = "";
			projectRoot = "";
			targets = (
				EB822D1D25EB1A5700018FB2 /* UnderDog Prototype (iOS) */,
				EB822D2525EB1A5700018FB2 /* UnderDog Prototype (macOS) */,
				EB822D2D25EB1A5700018FB2 /* Tests iOS */,
				EB822D3825EB1A5700018FB2 /* Tests macOS */,
			);
		};
/* End PBXProject section */

/* Begin PBXResourcesBuildPhase section */
		EB822D1C25EB1A5700018FB2 /* Resources */ = {
			isa = PBXResourcesBuildPhase;
			buildActionMask = 2147483647;
			files = (
				EB822D4425EB1A5700018FB2 /* Assets.xcassets in Resources */,
				EB822D9C25F6FD6D00018FB2 /* LaunchScreen.storyboard in Resources */,
				EB822DAE25F9C54A00018FB2 /* GoogleService-Info.plist in Resources */,
			);
			runOnlyForDeploymentPostprocessing = 0;
		};
		EB822D2425EB1A5700018FB2 /* Resources */ = {
			isa = PBXResourcesBuildPhase;
			buildActionMask = 2147483647;
			files = (
				EB822D4525EB1A5700018FB2 /* Assets.xcassets in Resources */,
				EB822D9D25F6FD6D00018FB2 /* LaunchScreen.storyboard in Resources */,
				EB822DAF25F9C54A00018FB2 /* GoogleService-Info.plist in Resources */,
			);
			runOnlyForDeploymentPostprocessing = 0;
		};
		EB822D2C25EB1A5700018FB2 /* Resources */ = {
			isa = PBXResourcesBuildPhase;
			buildActionMask = 2147483647;
			files = (
			);
			runOnlyForDeploymentPostprocessing = 0;
		};
		EB822D3725EB1A5700018FB2 /* Resources */ = {
			isa = PBXResourcesBuildPhase;
			buildActionMask = 2147483647;
			files = (
			);
			runOnlyForDeploymentPostprocessing = 0;
		};
/* End PBXResourcesBuildPhase section */

/* Begin PBXShellScriptBuildPhase section */
		2F3A20F1F566DDED75D5783E /* [CP] Check Pods Manifest.lock */ = {
			isa = PBXShellScriptBuildPhase;
			buildActionMask = 2147483647;
			files = (
			);
			inputFileListPaths = (
			);
			inputPaths = (
				"${PODS_PODFILE_DIR_PATH}/Podfile.lock",
				"${PODS_ROOT}/Manifest.lock",
			);
			name = "[CP] Check Pods Manifest.lock";
			outputFileListPaths = (
			);
			outputPaths = (
				"$(DERIVED_FILE_DIR)/Pods-UnderDog Prototype (iOS)-checkManifestLockResult.txt",
			);
			runOnlyForDeploymentPostprocessing = 0;
			shellPath = /bin/sh;
			shellScript = "diff \"${PODS_PODFILE_DIR_PATH}/Podfile.lock\" \"${PODS_ROOT}/Manifest.lock\" > /dev/null\nif [ $? != 0 ] ; then\n    # print error to STDERR\n    echo \"error: The sandbox is not in sync with the Podfile.lock. Run 'pod install' or update your CocoaPods installation.\" >&2\n    exit 1\nfi\n# This output is used by Xcode 'outputs' to avoid re-running this script phase.\necho \"SUCCESS\" > \"${SCRIPT_OUTPUT_FILE_0}\"\n";
			showEnvVarsInLog = 0;
		};
		7FDE34737EBF4CDE1E8F2E78 /* [CP] Embed Pods Frameworks */ = {
			isa = PBXShellScriptBuildPhase;
			buildActionMask = 2147483647;
			files = (
			);
			inputFileListPaths = (
				"${PODS_ROOT}/Target Support Files/Pods-UnderDog Prototype (iOS)/Pods-UnderDog Prototype (iOS)-frameworks-${CONFIGURATION}-input-files.xcfilelist",
			);
			name = "[CP] Embed Pods Frameworks";
			outputFileListPaths = (
				"${PODS_ROOT}/Target Support Files/Pods-UnderDog Prototype (iOS)/Pods-UnderDog Prototype (iOS)-frameworks-${CONFIGURATION}-output-files.xcfilelist",
			);
			runOnlyForDeploymentPostprocessing = 0;
			shellPath = /bin/sh;
			shellScript = "\"${PODS_ROOT}/Target Support Files/Pods-UnderDog Prototype (iOS)/Pods-UnderDog Prototype (iOS)-frameworks.sh\"\n";
			showEnvVarsInLog = 0;
		};
		D7FAFC17463F2A56A45E592B /* [CP] Check Pods Manifest.lock */ = {
			isa = PBXShellScriptBuildPhase;
			buildActionMask = 2147483647;
			files = (
			);
			inputFileListPaths = (
			);
			inputPaths = (
				"${PODS_PODFILE_DIR_PATH}/Podfile.lock",
				"${PODS_ROOT}/Manifest.lock",
			);
			name = "[CP] Check Pods Manifest.lock";
			outputFileListPaths = (
			);
			outputPaths = (
				"$(DERIVED_FILE_DIR)/Pods-UnderDog Prototype (macOS)-checkManifestLockResult.txt",
			);
			runOnlyForDeploymentPostprocessing = 0;
			shellPath = /bin/sh;
			shellScript = "diff \"${PODS_PODFILE_DIR_PATH}/Podfile.lock\" \"${PODS_ROOT}/Manifest.lock\" > /dev/null\nif [ $? != 0 ] ; then\n    # print error to STDERR\n    echo \"error: The sandbox is not in sync with the Podfile.lock. Run 'pod install' or update your CocoaPods installation.\" >&2\n    exit 1\nfi\n# This output is used by Xcode 'outputs' to avoid re-running this script phase.\necho \"SUCCESS\" > \"${SCRIPT_OUTPUT_FILE_0}\"\n";
			showEnvVarsInLog = 0;
		};
/* End PBXShellScriptBuildPhase section */

/* Begin PBXSourcesBuildPhase section */
		EB822D1A25EB1A5700018FB2 /* Sources */ = {
			isa = PBXSourcesBuildPhase;
			buildActionMask = 2147483647;
			files = (
				EB09028B262A7F4600E7D7DA /* BettingView.swift in Sources */,
				EBBBA82B264E235A0017A450 /* ConfirmOrder.swift in Sources */,
				EBE6DB3E25FAF1D2007C2291 /* SceneDelegate.swift in Sources */,
				EB9B0CE9266056DC0093E620 /* SearchEventsView.swift in Sources */,
				295EF6F9264393530041C7F1 /* UpdatePreferenceView.swift in Sources */,
				EBE6DB3025FAED09007C2291 /* AppDelegate.swift in Sources */,
				EB47B8F2261559E00080725C /* odds.swift in Sources */,
				EBC2941A264E55AA00454268 /* OnGoing.swift in Sources */,
				EBE6DB4525FAF3E1007C2291 /* AuthView.swift in Sources */,
				EBC29429265312D300454268 /* ArchiveView.swift in Sources */,
				EB090284262A7D5D00E7D7DA /* profileItem.swift in Sources */,
				EBD50AD926083CD8005B740E /* Initial.swift in Sources */,
				EB07A46B2619634600A22529 /* UserProfileRepository.swift in Sources */,
				EBD50AD1260831AD005B740E /* UpComing.swift in Sources */,
				EB822D4225EB1A5700018FB2 /* ContentView.swift in Sources */,
				EBC2943826531A6000454268 /* OrderDetails.swift in Sources */,
				EBE6DB3725FAEE90007C2291 /* SessionStore.swift in Sources */,
				EBA59B5E265C5F950038026C /* PopularEvent.swift in Sources */,
				EBD50ACA26082EF8005B740E /* OddsApi.swift in Sources */,
				EB090292262F88BA00E7D7DA /* BottomSheetView.swift in Sources */,
				EB822D4025EB1A5700018FB2 /* UnderDog_PrototypeApp.swift in Sources */,
			);
			runOnlyForDeploymentPostprocessing = 0;
		};
		EB822D2225EB1A5700018FB2 /* Sources */ = {
			isa = PBXSourcesBuildPhase;
			buildActionMask = 2147483647;
			files = (
				EB09028C262A7F4600E7D7DA /* BettingView.swift in Sources */,
				EBBBA82C264E235A0017A450 /* ConfirmOrder.swift in Sources */,
				EBE6DB3F25FAF1D2007C2291 /* SceneDelegate.swift in Sources */,
				EB9B0CEA266056DC0093E620 /* SearchEventsView.swift in Sources */,
				295EF6FA264393530041C7F1 /* UpdatePreferenceView.swift in Sources */,
				EBE6DB3125FAED09007C2291 /* AppDelegate.swift in Sources */,
				EB47B8F3261559E00080725C /* odds.swift in Sources */,
				EBC2941B264E55AA00454268 /* OnGoing.swift in Sources */,
				EBE6DB4625FAF3E1007C2291 /* AuthView.swift in Sources */,
				EBC2942A265312D300454268 /* ArchiveView.swift in Sources */,
				EB090285262A7D5D00E7D7DA /* profileItem.swift in Sources */,
				EBD50ADA26083CD8005B740E /* Initial.swift in Sources */,
				EB07A46C2619634600A22529 /* UserProfileRepository.swift in Sources */,
				EBD50AD2260831AD005B740E /* UpComing.swift in Sources */,
				EB822D4325EB1A5700018FB2 /* ContentView.swift in Sources */,
				EBC2943926531A6000454268 /* OrderDetails.swift in Sources */,
				EBE6DB3825FAEE90007C2291 /* SessionStore.swift in Sources */,
				EBA59B5F265C5F950038026C /* PopularEvent.swift in Sources */,
				EBD50ACB26082EF8005B740E /* OddsApi.swift in Sources */,
				EB090293262F88BA00E7D7DA /* BottomSheetView.swift in Sources */,
				EB822D4125EB1A5700018FB2 /* UnderDog_PrototypeApp.swift in Sources */,
			);
			runOnlyForDeploymentPostprocessing = 0;
		};
		EB822D2A25EB1A5700018FB2 /* Sources */ = {
			isa = PBXSourcesBuildPhase;
			buildActionMask = 2147483647;
			files = (
				EB822D3325EB1A5700018FB2 /* Tests_iOS.swift in Sources */,
			);
			runOnlyForDeploymentPostprocessing = 0;
		};
		EB822D3525EB1A5700018FB2 /* Sources */ = {
			isa = PBXSourcesBuildPhase;
			buildActionMask = 2147483647;
			files = (
				EB822D3E25EB1A5700018FB2 /* Tests_macOS.swift in Sources */,
			);
			runOnlyForDeploymentPostprocessing = 0;
		};
/* End PBXSourcesBuildPhase section */

/* Begin PBXTargetDependency section */
		EB822D3025EB1A5700018FB2 /* PBXTargetDependency */ = {
			isa = PBXTargetDependency;
			target = EB822D1D25EB1A5700018FB2 /* UnderDog Prototype (iOS) */;
			targetProxy = EB822D2F25EB1A5700018FB2 /* PBXContainerItemProxy */;
		};
		EB822D3B25EB1A5700018FB2 /* PBXTargetDependency */ = {
			isa = PBXTargetDependency;
			target = EB822D2525EB1A5700018FB2 /* UnderDog Prototype (macOS) */;
			targetProxy = EB822D3A25EB1A5700018FB2 /* PBXContainerItemProxy */;
		};
/* End PBXTargetDependency section */

/* Begin XCBuildConfiguration section */
		EB822D4625EB1A5700018FB2 /* Debug */ = {
			isa = XCBuildConfiguration;
			buildSettings = {
				ALWAYS_SEARCH_USER_PATHS = NO;
				CLANG_ANALYZER_NONNULL = YES;
				CLANG_ANALYZER_NUMBER_OBJECT_CONVERSION = YES_AGGRESSIVE;
				CLANG_CXX_LANGUAGE_STANDARD = "gnu++14";
				CLANG_CXX_LIBRARY = "libc++";
				CLANG_ENABLE_MODULES = YES;
				CLANG_ENABLE_OBJC_ARC = YES;
				CLANG_ENABLE_OBJC_WEAK = YES;
				CLANG_WARN_BLOCK_CAPTURE_AUTORELEASING = YES;
				CLANG_WARN_BOOL_CONVERSION = YES;
				CLANG_WARN_COMMA = YES;
				CLANG_WARN_CONSTANT_CONVERSION = YES;
				CLANG_WARN_DEPRECATED_OBJC_IMPLEMENTATIONS = YES;
				CLANG_WARN_DIRECT_OBJC_ISA_USAGE = YES_ERROR;
				CLANG_WARN_DOCUMENTATION_COMMENTS = YES;
				CLANG_WARN_EMPTY_BODY = YES;
				CLANG_WARN_ENUM_CONVERSION = YES;
				CLANG_WARN_INFINITE_RECURSION = YES;
				CLANG_WARN_INT_CONVERSION = YES;
				CLANG_WARN_NON_LITERAL_NULL_CONVERSION = YES;
				CLANG_WARN_OBJC_IMPLICIT_RETAIN_SELF = YES;
				CLANG_WARN_OBJC_LITERAL_CONVERSION = YES;
				CLANG_WARN_OBJC_ROOT_CLASS = YES_ERROR;
				CLANG_WARN_QUOTED_INCLUDE_IN_FRAMEWORK_HEADER = YES;
				CLANG_WARN_RANGE_LOOP_ANALYSIS = YES;
				CLANG_WARN_STRICT_PROTOTYPES = YES;
				CLANG_WARN_SUSPICIOUS_MOVE = YES;
				CLANG_WARN_UNGUARDED_AVAILABILITY = YES_AGGRESSIVE;
				CLANG_WARN_UNREACHABLE_CODE = YES;
				CLANG_WARN__DUPLICATE_METHOD_MATCH = YES;
				COPY_PHASE_STRIP = NO;
				DEBUG_INFORMATION_FORMAT = dwarf;
				ENABLE_STRICT_OBJC_MSGSEND = YES;
				ENABLE_TESTABILITY = YES;
				"EXCLUDED_ARCHS[sdk=*]" = arm64;
				GCC_C_LANGUAGE_STANDARD = gnu11;
				GCC_DYNAMIC_NO_PIC = NO;
				GCC_NO_COMMON_BLOCKS = YES;
				GCC_OPTIMIZATION_LEVEL = 0;
				GCC_PREPROCESSOR_DEFINITIONS = (
					"DEBUG=1",
					"$(inherited)",
				);
				GCC_WARN_64_TO_32_BIT_CONVERSION = YES;
				GCC_WARN_ABOUT_RETURN_TYPE = YES_ERROR;
				GCC_WARN_UNDECLARED_SELECTOR = YES;
				GCC_WARN_UNINITIALIZED_AUTOS = YES_AGGRESSIVE;
				GCC_WARN_UNUSED_FUNCTION = YES;
				GCC_WARN_UNUSED_VARIABLE = YES;
				MTL_ENABLE_DEBUG_INFO = INCLUDE_SOURCE;
				MTL_FAST_MATH = YES;
				ONLY_ACTIVE_ARCH = YES;
				SDKROOT = iphoneos;
				SWIFT_ACTIVE_COMPILATION_CONDITIONS = DEBUG;
				SWIFT_OPTIMIZATION_LEVEL = "-Onone";
			};
			name = Debug;
		};
		EB822D4725EB1A5700018FB2 /* Release */ = {
			isa = XCBuildConfiguration;
			buildSettings = {
				ALWAYS_SEARCH_USER_PATHS = NO;
				CLANG_ANALYZER_NONNULL = YES;
				CLANG_ANALYZER_NUMBER_OBJECT_CONVERSION = YES_AGGRESSIVE;
				CLANG_CXX_LANGUAGE_STANDARD = "gnu++14";
				CLANG_CXX_LIBRARY = "libc++";
				CLANG_ENABLE_MODULES = YES;
				CLANG_ENABLE_OBJC_ARC = YES;
				CLANG_ENABLE_OBJC_WEAK = YES;
				CLANG_WARN_BLOCK_CAPTURE_AUTORELEASING = YES;
				CLANG_WARN_BOOL_CONVERSION = YES;
				CLANG_WARN_COMMA = YES;
				CLANG_WARN_CONSTANT_CONVERSION = YES;
				CLANG_WARN_DEPRECATED_OBJC_IMPLEMENTATIONS = YES;
				CLANG_WARN_DIRECT_OBJC_ISA_USAGE = YES_ERROR;
				CLANG_WARN_DOCUMENTATION_COMMENTS = YES;
				CLANG_WARN_EMPTY_BODY = YES;
				CLANG_WARN_ENUM_CONVERSION = YES;
				CLANG_WARN_INFINITE_RECURSION = YES;
				CLANG_WARN_INT_CONVERSION = YES;
				CLANG_WARN_NON_LITERAL_NULL_CONVERSION = YES;
				CLANG_WARN_OBJC_IMPLICIT_RETAIN_SELF = YES;
				CLANG_WARN_OBJC_LITERAL_CONVERSION = YES;
				CLANG_WARN_OBJC_ROOT_CLASS = YES_ERROR;
				CLANG_WARN_QUOTED_INCLUDE_IN_FRAMEWORK_HEADER = YES;
				CLANG_WARN_RANGE_LOOP_ANALYSIS = YES;
				CLANG_WARN_STRICT_PROTOTYPES = YES;
				CLANG_WARN_SUSPICIOUS_MOVE = YES;
				CLANG_WARN_UNGUARDED_AVAILABILITY = YES_AGGRESSIVE;
				CLANG_WARN_UNREACHABLE_CODE = YES;
				CLANG_WARN__DUPLICATE_METHOD_MATCH = YES;
				COPY_PHASE_STRIP = NO;
				DEBUG_INFORMATION_FORMAT = "dwarf-with-dsym";
				ENABLE_NS_ASSERTIONS = NO;
				ENABLE_STRICT_OBJC_MSGSEND = YES;
				GCC_C_LANGUAGE_STANDARD = gnu11;
				GCC_NO_COMMON_BLOCKS = YES;
				GCC_WARN_64_TO_32_BIT_CONVERSION = YES;
				GCC_WARN_ABOUT_RETURN_TYPE = YES_ERROR;
				GCC_WARN_UNDECLARED_SELECTOR = YES;
				GCC_WARN_UNINITIALIZED_AUTOS = YES_AGGRESSIVE;
				GCC_WARN_UNUSED_FUNCTION = YES;
				GCC_WARN_UNUSED_VARIABLE = YES;
				MTL_ENABLE_DEBUG_INFO = NO;
				MTL_FAST_MATH = YES;
				SDKROOT = iphoneos;
				SWIFT_COMPILATION_MODE = wholemodule;
				SWIFT_OPTIMIZATION_LEVEL = "-O";
			};
			name = Release;
		};
		EB822D4925EB1A5700018FB2 /* Debug */ = {
			isa = XCBuildConfiguration;
			baseConfigurationReference = C04B5221392C88FCF35A089E /* Pods-UnderDog Prototype (iOS).debug.xcconfig */;
			buildSettings = {
				ASSETCATALOG_COMPILER_APPICON_NAME = AppIcon;
				ASSETCATALOG_COMPILER_GLOBAL_ACCENT_COLOR_NAME = AccentColor;
				CODE_SIGN_ENTITLEMENTS = "UnderDog Prototype.entitlements";
				CODE_SIGN_STYLE = Automatic;
				ENABLE_PREVIEWS = YES;
				INFOPLIST_FILE = iOS/Info.plist;
				IPHONEOS_DEPLOYMENT_TARGET = 14.0;
				LD_RUNPATH_SEARCH_PATHS = (
					"$(inherited)",
					"@executable_path/Frameworks",
				);
				PRODUCT_BUNDLE_IDENTIFIER = "godrednu.UnderDog-Prototype";
				PRODUCT_NAME = "UnderDog Prototype";
				SDKROOT = iphoneos;
				SUPPORTS_MACCATALYST = NO;
				SWIFT_VERSION = 5.0;
				TARGETED_DEVICE_FAMILY = "1,2";
			};
			name = Debug;
		};
		EB822D4A25EB1A5700018FB2 /* Release */ = {
			isa = XCBuildConfiguration;
			baseConfigurationReference = 6302DD1A453DFE528FA37AEE /* Pods-UnderDog Prototype (iOS).release.xcconfig */;
			buildSettings = {
				ASSETCATALOG_COMPILER_APPICON_NAME = AppIcon;
				ASSETCATALOG_COMPILER_GLOBAL_ACCENT_COLOR_NAME = AccentColor;
				CODE_SIGN_ENTITLEMENTS = "UnderDog Prototype.entitlements";
				CODE_SIGN_STYLE = Automatic;
				ENABLE_PREVIEWS = YES;
				INFOPLIST_FILE = iOS/Info.plist;
				IPHONEOS_DEPLOYMENT_TARGET = 14.0;
				LD_RUNPATH_SEARCH_PATHS = (
					"$(inherited)",
					"@executable_path/Frameworks",
				);
				PRODUCT_BUNDLE_IDENTIFIER = "godrednu.UnderDog-Prototype";
				PRODUCT_NAME = "UnderDog Prototype";
				SDKROOT = iphoneos;
				SUPPORTS_MACCATALYST = NO;
				SWIFT_VERSION = 5.0;
				TARGETED_DEVICE_FAMILY = "1,2";
				VALIDATE_PRODUCT = YES;
			};
			name = Release;
		};
		EB822D4C25EB1A5700018FB2 /* Debug */ = {
			isa = XCBuildConfiguration;
			baseConfigurationReference = 024A7A62F5BDA31F585EE0B5 /* Pods-UnderDog Prototype (macOS).debug.xcconfig */;
			buildSettings = {
				ASSETCATALOG_COMPILER_APPICON_NAME = AppIcon;
				ASSETCATALOG_COMPILER_GLOBAL_ACCENT_COLOR_NAME = AccentColor;
				CODE_SIGN_ENTITLEMENTS = macOS/macOS.entitlements;
				CODE_SIGN_IDENTITY = "-";
				CODE_SIGN_STYLE = Automatic;
				COMBINE_HIDPI_IMAGES = YES;
				ENABLE_PREVIEWS = YES;
				INFOPLIST_FILE = macOS/Info.plist;
				LD_RUNPATH_SEARCH_PATHS = (
					"$(inherited)",
					"@executable_path/../Frameworks",
				);
				MACOSX_DEPLOYMENT_TARGET = 10.15;
				PRODUCT_BUNDLE_IDENTIFIER = "godrednu.UnderDog-Prototype";
				PRODUCT_NAME = "UnderDog Prototype";
				SDKROOT = macosx;
				SWIFT_VERSION = 5.0;
			};
			name = Debug;
		};
		EB822D4D25EB1A5700018FB2 /* Release */ = {
			isa = XCBuildConfiguration;
			baseConfigurationReference = 9FC14F6F076D2ABB664FB14E /* Pods-UnderDog Prototype (macOS).release.xcconfig */;
			buildSettings = {
				ASSETCATALOG_COMPILER_APPICON_NAME = AppIcon;
				ASSETCATALOG_COMPILER_GLOBAL_ACCENT_COLOR_NAME = AccentColor;
				CODE_SIGN_ENTITLEMENTS = macOS/macOS.entitlements;
				CODE_SIGN_IDENTITY = "-";
				CODE_SIGN_STYLE = Automatic;
				COMBINE_HIDPI_IMAGES = YES;
				ENABLE_PREVIEWS = YES;
				INFOPLIST_FILE = macOS/Info.plist;
				LD_RUNPATH_SEARCH_PATHS = (
					"$(inherited)",
					"@executable_path/../Frameworks",
				);
				MACOSX_DEPLOYMENT_TARGET = 10.15;
				PRODUCT_BUNDLE_IDENTIFIER = "godrednu.UnderDog-Prototype";
				PRODUCT_NAME = "UnderDog Prototype";
				SDKROOT = macosx;
				SWIFT_VERSION = 5.0;
			};
			name = Release;
		};
		EB822D4F25EB1A5700018FB2 /* Debug */ = {
			isa = XCBuildConfiguration;
			buildSettings = {
				ALWAYS_EMBED_SWIFT_STANDARD_LIBRARIES = YES;
				CODE_SIGN_STYLE = Automatic;
				INFOPLIST_FILE = "Tests iOS/Info.plist";
				IPHONEOS_DEPLOYMENT_TARGET = 14.4;
				LD_RUNPATH_SEARCH_PATHS = (
					"$(inherited)",
					"@executable_path/Frameworks",
					"@loader_path/Frameworks",
				);
				PRODUCT_BUNDLE_IDENTIFIER = "godrednu.Tests-iOS";
				PRODUCT_NAME = "$(TARGET_NAME)";
				SDKROOT = iphoneos;
				SWIFT_VERSION = 5.0;
				TARGETED_DEVICE_FAMILY = "1,2";
				TEST_TARGET_NAME = "UnderDog Prototype (iOS)";
			};
			name = Debug;
		};
		EB822D5025EB1A5700018FB2 /* Release */ = {
			isa = XCBuildConfiguration;
			buildSettings = {
				ALWAYS_EMBED_SWIFT_STANDARD_LIBRARIES = YES;
				CODE_SIGN_STYLE = Automatic;
				INFOPLIST_FILE = "Tests iOS/Info.plist";
				IPHONEOS_DEPLOYMENT_TARGET = 14.4;
				LD_RUNPATH_SEARCH_PATHS = (
					"$(inherited)",
					"@executable_path/Frameworks",
					"@loader_path/Frameworks",
				);
				PRODUCT_BUNDLE_IDENTIFIER = "godrednu.Tests-iOS";
				PRODUCT_NAME = "$(TARGET_NAME)";
				SDKROOT = iphoneos;
				SWIFT_VERSION = 5.0;
				TARGETED_DEVICE_FAMILY = "1,2";
				TEST_TARGET_NAME = "UnderDog Prototype (iOS)";
				VALIDATE_PRODUCT = YES;
			};
			name = Release;
		};
		EB822D5225EB1A5700018FB2 /* Debug */ = {
			isa = XCBuildConfiguration;
			buildSettings = {
				ALWAYS_EMBED_SWIFT_STANDARD_LIBRARIES = YES;
				CODE_SIGN_STYLE = Automatic;
				COMBINE_HIDPI_IMAGES = YES;
				INFOPLIST_FILE = "Tests macOS/Info.plist";
				LD_RUNPATH_SEARCH_PATHS = (
					"$(inherited)",
					"@executable_path/../Frameworks",
					"@loader_path/../Frameworks",
				);
				MACOSX_DEPLOYMENT_TARGET = 10.15;
				PRODUCT_BUNDLE_IDENTIFIER = "godrednu.Tests-macOS";
				PRODUCT_NAME = "$(TARGET_NAME)";
				SDKROOT = macosx;
				SWIFT_VERSION = 5.0;
				TEST_TARGET_NAME = "UnderDog Prototype (macOS)";
			};
			name = Debug;
		};
		EB822D5325EB1A5700018FB2 /* Release */ = {
			isa = XCBuildConfiguration;
			buildSettings = {
				ALWAYS_EMBED_SWIFT_STANDARD_LIBRARIES = YES;
				CODE_SIGN_STYLE = Automatic;
				COMBINE_HIDPI_IMAGES = YES;
				INFOPLIST_FILE = "Tests macOS/Info.plist";
				LD_RUNPATH_SEARCH_PATHS = (
					"$(inherited)",
					"@executable_path/../Frameworks",
					"@loader_path/../Frameworks",
				);
				MACOSX_DEPLOYMENT_TARGET = 10.15;
				PRODUCT_BUNDLE_IDENTIFIER = "godrednu.Tests-macOS";
				PRODUCT_NAME = "$(TARGET_NAME)";
				SDKROOT = macosx;
				SWIFT_VERSION = 5.0;
				TEST_TARGET_NAME = "UnderDog Prototype (macOS)";
			};
			name = Release;
		};
/* End XCBuildConfiguration section */

/* Begin XCConfigurationList section */
		EB822D1525EB1A5600018FB2 /* Build configuration list for PBXProject "UnderDog Prototype" */ = {
			isa = XCConfigurationList;
			buildConfigurations = (
				EB822D4625EB1A5700018FB2 /* Debug */,
				EB822D4725EB1A5700018FB2 /* Release */,
			);
			defaultConfigurationIsVisible = 0;
			defaultConfigurationName = Release;
		};
		EB822D4825EB1A5700018FB2 /* Build configuration list for PBXNativeTarget "UnderDog Prototype (iOS)" */ = {
			isa = XCConfigurationList;
			buildConfigurations = (
				EB822D4925EB1A5700018FB2 /* Debug */,
				EB822D4A25EB1A5700018FB2 /* Release */,
			);
			defaultConfigurationIsVisible = 0;
			defaultConfigurationName = Release;
		};
		EB822D4B25EB1A5700018FB2 /* Build configuration list for PBXNativeTarget "UnderDog Prototype (macOS)" */ = {
			isa = XCConfigurationList;
			buildConfigurations = (
				EB822D4C25EB1A5700018FB2 /* Debug */,
				EB822D4D25EB1A5700018FB2 /* Release */,
			);
			defaultConfigurationIsVisible = 0;
			defaultConfigurationName = Release;
		};
		EB822D4E25EB1A5700018FB2 /* Build configuration list for PBXNativeTarget "Tests iOS" */ = {
			isa = XCConfigurationList;
			buildConfigurations = (
				EB822D4F25EB1A5700018FB2 /* Debug */,
				EB822D5025EB1A5700018FB2 /* Release */,
			);
			defaultConfigurationIsVisible = 0;
			defaultConfigurationName = Release;
		};
		EB822D5125EB1A5700018FB2 /* Build configuration list for PBXNativeTarget "Tests macOS" */ = {
			isa = XCConfigurationList;
			buildConfigurations = (
				EB822D5225EB1A5700018FB2 /* Debug */,
				EB822D5325EB1A5700018FB2 /* Release */,
			);
			defaultConfigurationIsVisible = 0;
			defaultConfigurationName = Release;
		};
/* End XCConfigurationList section */

/* Begin XCRemoteSwiftPackageReference section */
		EBD50A8126015498005B740E /* XCRemoteSwiftPackageReference "iLineChart" */ = {
			isa = XCRemoteSwiftPackageReference;
			repositoryURL = "https://github.com/AlexFine/iLineChart.git";
			requirement = {
				kind = upToNextMajorVersion;
				minimumVersion = 1.6.4;
			};
		};
/* End XCRemoteSwiftPackageReference section */

/* Begin XCSwiftPackageProductDependency section */
		EBD50A8226015498005B740E /* iLineChart */ = {
			isa = XCSwiftPackageProductDependency;
			package = EBD50A8126015498005B740E /* XCRemoteSwiftPackageReference "iLineChart" */;
			productName = iLineChart;
		};
/* End XCSwiftPackageProductDependency section */
	};
	rootObject = EB822D1225EB1A5600018FB2 /* Project object */;
}
